
Microsoft Visual Studio Solution File, Format Version 12.00
# Visual Studio Version 17
VisualStudioVersion = 17.14.36212.18
MinimumVisualStudioVersion = 10.0.40219.1
Project("{2150E333-8FDC-42A3-9474-1A3956D46DE8}") = "src", "src", "{6C83A596-D32D-B35F-00DD-F0C99B673980}"
EndProject
Project("{2150E333-8FDC-42A3-9474-1A3956D46DE8}") = "test", "test", "{2F054228-28FC-4569-A15B-50F212178552}"
EndProject
Project("{2150E333-8FDC-42A3-9474-1A3956D46DE8}") = "docs", "docs", "{5DBE9534-A171-4C66-A25C-939BA3733175}"
EndProject
Project("{FAE04EC0-301F-11D3-BF4B-00C04F79EFBC}") = "BlaisePascal.SmartHouse.Domain", "src\BlaisePascal.SmartHouse.Domain\BlaisePascal.SmartHouse.Domain.csproj", "{328481C7-2BEF-41E1-8B0D-92F4ADC5EF68}"
EndProject
Project("{FAE04EC0-301F-11D3-BF4B-00C04F79EFBC}") = "BlaisePascal.SmartHouse.Console", "src\BlaisePascal.SmartHouse.Console\BlaisePascal.SmartHouse.Console.csproj", "{DF6B495C-45D2-4F1F-AAAA-83ACB6760543}"
EndProject
Project("{FAE04EC0-301F-11D3-BF4B-00C04F79EFBC}") = "BlaisePascal.SmartHouse.Domain.UnitTests", "test\BlaisePascal.SmartHouse.Domain.UnitTests\BlaisePascal.SmartHouse.Domain.UnitTests.csproj", "{49A189EF-87FD-4858-8D67-43088D7209C7}"
EndProject
Project("{FAE04EC0-301F-11D3-BF4B-00C04F79EFBC}") = "BlaisePascal.SmartHouse.UI", "BlaisePascal.SmartHouse.UI\BlaisePascal.SmartHouse.UI.csproj", "{BCAB1FA8-80BD-457D-9D9D-52EC83BE57A6}"
EndProject
Global
	GlobalSection(SolutionConfigurationPlatforms) = preSolution
		Debug|Any CPU = Debug|Any CPU
		Release|Any CPU = Release|Any CPU
	EndGlobalSection
	GlobalSection(ProjectConfigurationPlatforms) = postSolution
		{328481C7-2BEF-41E1-8B0D-92F4ADC5EF68}.Debug|Any CPU.ActiveCfg = Debug|Any CPU
		{328481C7-2BEF-41E1-8B0D-92F4ADC5EF68}.Debug|Any CPU.Build.0 = Debug|Any CPU
		{328481C7-2BEF-41E1-8B0D-92F4ADC5EF68}.Release|Any CPU.ActiveCfg = Release|Any CPU
		{328481C7-2BEF-41E1-8B0D-92F4ADC5EF68}.Release|Any CPU.Build.0 = Release|Any CPU
		{DF6B495C-45D2-4F1F-AAAA-83ACB6760543}.Debug|Any CPU.ActiveCfg = Debug|Any CPU
		{DF6B495C-45D2-4F1F-AAAA-83ACB6760543}.Debug|Any CPU.Build.0 = Debug|Any CPU
		{DF6B495C-45D2-4F1F-AAAA-83ACB6760543}.Release|Any CPU.ActiveCfg = Release|Any CPU
		{DF6B495C-45D2-4F1F-AAAA-83ACB6760543}.Release|Any CPU.Build.0 = Release|Any CPU
		{49A189EF-87FD-4858-8D67-43088D7209C7}.Debug|Any CPU.ActiveCfg = Debug|Any CPU
		{49A189EF-87FD-4858-8D67-43088D7209C7}.Debug|Any CPU.Build.0 = Debug|Any CPU
		{49A189EF-87FD-4858-8D67-43088D7209C7}.Release|Any CPU.ActiveCfg = Release|Any CPU
		{49A189EF-87FD-4858-8D67-43088D7209C7}.Release|Any CPU.Build.0 = Release|Any CPU
		{BCAB1FA8-80BD-457D-9D9D-52EC83BE57A6}.Debug|Any CPU.ActiveCfg = Debug|Any CPU
		{BCAB1FA8-80BD-457D-9D9D-52EC83BE57A6}.Debug|Any CPU.Build.0 = Debug|Any CPU
		{BCAB1FA8-80BD-457D-9D9D-52EC83BE57A6}.Release|Any CPU.ActiveCfg = Release|Any CPU
		{BCAB1FA8-80BD-457D-9D9D-52EC83BE57A6}.Release|Any CPU.Build.0 = Release|Any CPU
	EndGlobalSection
	GlobalSection(SolutionProperties) = preSolution
		HideSolutionNode = FALSE
	EndGlobalSection
	GlobalSection(NestedProjects) = preSolution
		{5DBE9534-A171-4C66-A25C-939BA3733175} = {6C83A596-D32D-B35F-00DD-F0C99B673980}
		{328481C7-2BEF-41E1-8B0D-92F4ADC5EF68} = {6C83A596-D32D-B35F-00DD-F0C99B673980}
		{DF6B495C-45D2-4F1F-AAAA-83ACB6760543} = {6C83A596-D32D-B35F-00DD-F0C99B673980}
		{49A189EF-87FD-4858-8D67-43088D7209C7} = {2F054228-28FC-4569-A15B-50F212178552}
	EndGlobalSection
	GlobalSection(ExtensibilityGlobals) = postSolution
		SolutionGuid = {CB8710EB-83BD-4CD9-9EAF-135C3B869F8F}
	EndGlobalSection
EndGlobal
